{
  "name": "castlegate-atlas-demo",
  "version": "0.1.0",
  "lockfileVersion": 1,
  "requires": true,
  "dependencies": {
    "castlegate-atlas": {
      "version": "0.1.0",
      "resolved": "https://registry.npmjs.org/castlegate-atlas/-/castlegate-atlas-0.1.0.tgz",
      "integrity": "sha512-3qArp2AlIblX4YL5Oc18lepCFDxCh6n3coXBrsQ2/i3HSzb0sG/Q8U+P+R8qg/DhljxPAPuZNyW66yvdIdf4Bw==",
      "dev": true
    }
  }
}
