{
  "name": "castlegate-atlas-demo",
  "version": "0.1.0",
  "lockfileVersion": 1,
  "requires": true,
  "dependencies": {
    "bootstrap": {
      "version": "4.3.1",
      "resolved": "https://registry.npmjs.org/bootstrap/-/bootstrap-4.3.1.tgz",
      "integrity": "sha512-rXqOmH1VilAt2DyPzluTi2blhk17bO7ef+zLLPlWvG494pDxcM234pJ8wTc/6R40UWizAIIMgxjvxZg5kmsbag=="
    },
    "castlegate-atlas": {
      "version": "0.1.1",
      "resolved": "https://registry.npmjs.org/castlegate-atlas/-/castlegate-atlas-0.1.1.tgz",
      "integrity": "sha512-c3szExbjtgWL1aBtdY0YHA5sQcAGSTX/Hw3621VzLJtyka3mVUYi88Jo8yinNGXR2arLmNWeQkYTyfLzyiM50A==",
      "requires": {
        "bootstrap": "^4.3.1",
        "jquery": "^3.4.1"
      }
    },
    "jquery": {
      "version": "3.4.1",
      "resolved": "https://registry.npmjs.org/jquery/-/jquery-3.4.1.tgz",
      "integrity": "sha512-36+AdBzCL+y6qjw5Tx7HgzeGCzC81MDDgaUP8ld2zhx58HdqXGoBd+tHdrBMiyjGQs0Hxs/MLZTu/eHNJJuWPw=="
    }
  }
}
